
Microsoft Visual Studio Solution File, Format Version 12.00
# Visual Studio Version 18
VisualStudioVersion = 18.0.11222.15
MinimumVisualStudioVersion = 10.0.40219.1
Project("{2150E333-8FDC-42A3-9474-1A3956D46DE8}") = "Services", "Services", "{02EA681E-C7D8-13C7-8484-4AC65E1B71E8}"
EndProject
Project("{2150E333-8FDC-42A3-9474-1A3956D46DE8}") = "Catalog", "Catalog", "{A41065B5-4AFE-4C70-A56B-010082AD8A04}"
EndProject
Project("{FAE04EC0-301F-11D3-BF4B-00C04F79EFBC}") = "Catalog.API", "Services\Catalog\Catalog.API\Catalog.API.csproj", "{E7C5EFAD-6228-4DD9-87AA-7AC072AB760F}"
EndProject
Project("{2150E333-8FDC-42A3-9474-1A3956D46DE8}") = "BuildingBlocks", "BuildingBlocks", "{0CB8C063-EE8E-46F7-B20B-A68C529DEF82}"
EndProject
Project("{E53339B2-1760-4266-BCC7-CA923CBCF16C}") = "docker-compose", "docker-compose.dcproj", "{81DDED9D-158B-E303-5F62-77A2896D2A5A}"
EndProject
Project("{2150E333-8FDC-42A3-9474-1A3956D46DE8}") = "Basket", "Basket", "{A1A9FAB0-BD13-417D-99D3-43EAD8C8FB81}"
EndProject
Project("{FAE04EC0-301F-11D3-BF4B-00C04F79EFBC}") = "Basket.API", "Services\Basket\Basket.API\Basket.API.csproj", "{4FFE6BD7-E074-44DB-9298-AE12E8394548}"
EndProject
Project("{2150E333-8FDC-42A3-9474-1A3956D46DE8}") = "Discount", "Discount", "{DB700F03-D0F3-4831-85F2-D594DE4195E5}"
EndProject
Project("{FAE04EC0-301F-11D3-BF4B-00C04F79EFBC}") = "Discount.gRPC", "Services\Discount\Discount.gRPC\Discount.gRPC.csproj", "{D35E6B48-AD79-4A3D-B399-6886645DDB28}"
EndProject
Project("{2150E333-8FDC-42A3-9474-1A3956D46DE8}") = "Ordering", "Ordering", "{92A09E01-5F13-4FD6-A407-96BBA791B247}"
EndProject
Project("{FAE04EC0-301F-11D3-BF4B-00C04F79EFBC}") = "Ordering.API", "Services\Ordering\Ordering.API\Ordering.API.csproj", "{0C404258-C128-43DA-856C-752AB8B04A4C}"
EndProject
Project("{FAE04EC0-301F-11D3-BF4B-00C04F79EFBC}") = "Ordering.Domain", "Services\Ordering\Ordering.Domain\Ordering.Domain.csproj", "{70091567-CFE2-42F7-8F52-453D300BC0FE}"
EndProject
Project("{FAE04EC0-301F-11D3-BF4B-00C04F79EFBC}") = "Ordering.Infrastructure", "Services\Ordering\Ordering.Infrastructure\Ordering.Infrastructure.csproj", "{C5512EF1-48C9-426F-B20C-34BE33493310}"
EndProject
Project("{FAE04EC0-301F-11D3-BF4B-00C04F79EFBC}") = "Ordering.Application", "Services\Ordering\Ordering.Application\Ordering.Application.csproj", "{4CF7F544-E86A-4F30-9EBB-AF6F015062C8}"
EndProject
Project("{FAE04EC0-301F-11D3-BF4B-00C04F79EFBC}") = "BuildingBlocks.Messaging", "BuildingBlocks\BuildingBlocks.Messaging\BuildingBlocks.Messaging.csproj", "{2882CF69-C0B4-4751-9ED2-0D2370528EF9}"
EndProject
Global
	GlobalSection(SolutionConfigurationPlatforms) = preSolution
		Debug|Any CPU = Debug|Any CPU
		Release|Any CPU = Release|Any CPU
	EndGlobalSection
	GlobalSection(ProjectConfigurationPlatforms) = postSolution
		{E7C5EFAD-6228-4DD9-87AA-7AC072AB760F}.Debug|Any CPU.ActiveCfg = Debug|Any CPU
		{E7C5EFAD-6228-4DD9-87AA-7AC072AB760F}.Debug|Any CPU.Build.0 = Debug|Any CPU
		{E7C5EFAD-6228-4DD9-87AA-7AC072AB760F}.Release|Any CPU.ActiveCfg = Release|Any CPU
		{E7C5EFAD-6228-4DD9-87AA-7AC072AB760F}.Release|Any CPU.Build.0 = Release|Any CPU
		{81DDED9D-158B-E303-5F62-77A2896D2A5A}.Debug|Any CPU.ActiveCfg = Debug|Any CPU
		{81DDED9D-158B-E303-5F62-77A2896D2A5A}.Debug|Any CPU.Build.0 = Debug|Any CPU
		{81DDED9D-158B-E303-5F62-77A2896D2A5A}.Release|Any CPU.ActiveCfg = Release|Any CPU
		{81DDED9D-158B-E303-5F62-77A2896D2A5A}.Release|Any CPU.Build.0 = Release|Any CPU
		{4FFE6BD7-E074-44DB-9298-AE12E8394548}.Debug|Any CPU.ActiveCfg = Debug|Any CPU
		{4FFE6BD7-E074-44DB-9298-AE12E8394548}.Debug|Any CPU.Build.0 = Debug|Any CPU
		{4FFE6BD7-E074-44DB-9298-AE12E8394548}.Release|Any CPU.ActiveCfg = Release|Any CPU
		{4FFE6BD7-E074-44DB-9298-AE12E8394548}.Release|Any CPU.Build.0 = Release|Any CPU
		{D35E6B48-AD79-4A3D-B399-6886645DDB28}.Debug|Any CPU.ActiveCfg = Debug|Any CPU
		{D35E6B48-AD79-4A3D-B399-6886645DDB28}.Debug|Any CPU.Build.0 = Debug|Any CPU
		{D35E6B48-AD79-4A3D-B399-6886645DDB28}.Release|Any CPU.ActiveCfg = Release|Any CPU
		{D35E6B48-AD79-4A3D-B399-6886645DDB28}.Release|Any CPU.Build.0 = Release|Any CPU
		{0C404258-C128-43DA-856C-752AB8B04A4C}.Debug|Any CPU.ActiveCfg = Debug|Any CPU
		{0C404258-C128-43DA-856C-752AB8B04A4C}.Debug|Any CPU.Build.0 = Debug|Any CPU
		{0C404258-C128-43DA-856C-752AB8B04A4C}.Release|Any CPU.ActiveCfg = Release|Any CPU
		{0C404258-C128-43DA-856C-752AB8B04A4C}.Release|Any CPU.Build.0 = Release|Any CPU
		{70091567-CFE2-42F7-8F52-453D300BC0FE}.Debug|Any CPU.ActiveCfg = Debug|Any CPU
		{70091567-CFE2-42F7-8F52-453D300BC0FE}.Debug|Any CPU.Build.0 = Debug|Any CPU
		{70091567-CFE2-42F7-8F52-453D300BC0FE}.Release|Any CPU.ActiveCfg = Release|Any CPU
		{70091567-CFE2-42F7-8F52-453D300BC0FE}.Release|Any CPU.Build.0 = Release|Any CPU
		{C5512EF1-48C9-426F-B20C-34BE33493310}.Debug|Any CPU.ActiveCfg = Debug|Any CPU
		{C5512EF1-48C9-426F-B20C-34BE33493310}.Debug|Any CPU.Build.0 = Debug|Any CPU
		{C5512EF1-48C9-426F-B20C-34BE33493310}.Release|Any CPU.ActiveCfg = Release|Any CPU
		{C5512EF1-48C9-426F-B20C-34BE33493310}.Release|Any CPU.Build.0 = Release|Any CPU
		{4CF7F544-E86A-4F30-9EBB-AF6F015062C8}.Debug|Any CPU.ActiveCfg = Debug|Any CPU
		{4CF7F544-E86A-4F30-9EBB-AF6F015062C8}.Debug|Any CPU.Build.0 = Debug|Any CPU
		{4CF7F544-E86A-4F30-9EBB-AF6F015062C8}.Release|Any CPU.ActiveCfg = Release|Any CPU
		{4CF7F544-E86A-4F30-9EBB-AF6F015062C8}.Release|Any CPU.Build.0 = Release|Any CPU
		{2882CF69-C0B4-4751-9ED2-0D2370528EF9}.Debug|Any CPU.ActiveCfg = Debug|Any CPU
		{2882CF69-C0B4-4751-9ED2-0D2370528EF9}.Debug|Any CPU.Build.0 = Debug|Any CPU
		{2882CF69-C0B4-4751-9ED2-0D2370528EF9}.Release|Any CPU.ActiveCfg = Release|Any CPU
		{2882CF69-C0B4-4751-9ED2-0D2370528EF9}.Release|Any CPU.Build.0 = Release|Any CPU
	EndGlobalSection
	GlobalSection(SolutionProperties) = preSolution
		HideSolutionNode = FALSE
	EndGlobalSection
	GlobalSection(NestedProjects) = preSolution
		{A41065B5-4AFE-4C70-A56B-010082AD8A04} = {02EA681E-C7D8-13C7-8484-4AC65E1B71E8}
		{E7C5EFAD-6228-4DD9-87AA-7AC072AB760F} = {A41065B5-4AFE-4C70-A56B-010082AD8A04}
		{A1A9FAB0-BD13-417D-99D3-43EAD8C8FB81} = {02EA681E-C7D8-13C7-8484-4AC65E1B71E8}
		{4FFE6BD7-E074-44DB-9298-AE12E8394548} = {A1A9FAB0-BD13-417D-99D3-43EAD8C8FB81}
		{DB700F03-D0F3-4831-85F2-D594DE4195E5} = {02EA681E-C7D8-13C7-8484-4AC65E1B71E8}
		{D35E6B48-AD79-4A3D-B399-6886645DDB28} = {DB700F03-D0F3-4831-85F2-D594DE4195E5}
		{92A09E01-5F13-4FD6-A407-96BBA791B247} = {02EA681E-C7D8-13C7-8484-4AC65E1B71E8}
		{0C404258-C128-43DA-856C-752AB8B04A4C} = {92A09E01-5F13-4FD6-A407-96BBA791B247}
		{70091567-CFE2-42F7-8F52-453D300BC0FE} = {92A09E01-5F13-4FD6-A407-96BBA791B247}
		{C5512EF1-48C9-426F-B20C-34BE33493310} = {92A09E01-5F13-4FD6-A407-96BBA791B247}
		{4CF7F544-E86A-4F30-9EBB-AF6F015062C8} = {92A09E01-5F13-4FD6-A407-96BBA791B247}
	EndGlobalSection
	GlobalSection(ExtensibilityGlobals) = postSolution
		SolutionGuid = {F2707472-2F65-40FE-A63B-D764B14330A5}
	EndGlobalSection
EndGlobal
